
Microsoft Visual Studio Solution File, Format Version 12.00
# Visual Studio Version 17
VisualStudioVersion = 17.14.37614.0 d17.14
MinimumVisualStudioVersion = 10.0.40219.1
Project("{FAE04EC0-301F-11D3-BF4B-00C04F79EFBC}") = "taskflow", "taskflow.csproj", "{A1088C5C-39B1-4543-BABC-B70A71EF5CEE}"
EndProject
Global
	GlobalSection(SolutionConfigurationPlatforms) = preSolution
		Debug|Any CPU = Debug|Any CPU
		Release|Any CPU = Release|Any CPU
	EndGlobalSection
	GlobalSection(ProjectConfigurationPlatforms) = postSolution
		{A1088C5C-39B1-4543-BABC-B70A71EF5CEE}.Debug|Any CPU.ActiveCfg = Debug|Any CPU
		{A1088C5C-39B1-4543-BABC-B70A71EF5CEE}.Debug|Any CPU.Build.0 = Debug|Any CPU
		{A1088C5C-39B1-4543-BABC-B70A71EF5CEE}.Release|Any CPU.ActiveCfg = Release|Any CPU
		{A1088C5C-39B1-4543-BABC-B70A71EF5CEE}.Release|Any CPU.Build.0 = Release|Any CPU
	EndGlobalSection
	GlobalSection(SolutionProperties) = preSolution
		HideSolutionNode = FALSE
	EndGlobalSection
	GlobalSection(ExtensibilityGlobals) = postSolution
		SolutionGuid = {49182D3B-2399-4C3D-A139-E41013FEB15D}
	EndGlobalSection
EndGlobal
